// !$*UTF8*$!
{
	archiveVersion = 1;
	classes = {
	};
	objectVersion = 46;
	objects = {

/* Begin PBXBuildFile section */
		0A27F94A174112F000059080 /* Cocoa.framework in Frameworks */ = {isa = PBXBuildFile; fileRef = 0A27F949174112F000059080 /* Cocoa.framework */; };
		0A27F954174112F000059080 /* InfoPlist.strings in Resources */ = {isa = PBXBuildFile; fileRef = 0A27F952174112F000059080 /* InfoPlist.strings */; };
		0A27F956174112F000059080 /* main.m in Sources */ = {isa = PBXBuildFile; fileRef = 0A27F955174112F000059080 /* main.m */; };
		0A27F95A174112F000059080 /* Credits.rtf in Resources */ = {isa = PBXBuildFile; fileRef = 0A27F958174112F000059080 /* Credits.rtf */; };
		0A27F95D174112F100059080 /* AppDelegate.m in Sources */ = {isa = PBXBuildFile; fileRef = 0A27F95C174112F100059080 /* AppDelegate.m */; };
		0A27F960174112F100059080 /* MainMenu.xib in Resources */ = {isa = PBXBuildFile; fileRef = 0A27F95E174112F100059080 /* MainMenu.xib */; };
		0A2EE2D71741173000C43B1C /* mainView.m in Sources */ = {isa = PBXBuildFile; fileRef = 0A2EE2D61741172F00C43B1C /* mainView.m */; };
		0A2EE2ED17411DCB00C43B1C /* redBall.png in Resources */ = {isa = PBXBuildFile; fileRef = 0A2EE2E817411DCB00C43B1C /* redBall.png */; };
		0A2EE2EE17411DCB00C43B1C /* blueBall.png in Resources */ = {isa = PBXBuildFile; fileRef = 0A2EE2E917411DCB00C43B1C /* blueBall.png */; };
		0A2EE2EF17411DCB00C43B1C /* greenBall.png in Resources */ = {isa = PBXBuildFile; fileRef = 0A2EE2EA17411DCB00C43B1C /* greenBall.png */; };
		0A2EE2F017411DCB00C43B1C /* yellowBall.png in Resources */ = {isa = PBXBuildFile; fileRef = 0A2EE2EB17411DCB00C43B1C /* yellowBall.png */; };
		0A2EE2F117411DCB00C43B1C /* orangeBall.png in Resources */ = {isa = PBXBuildFile; fileRef = 0A2EE2EC17411DCB00C43B1C /* orangeBall.png */; };
/* End PBXBuildFile section */

/* Begin PBXFileReference section */
		0A27F945174112F000059080 /* lab#4.app */ = {isa = PBXFileReference; explicitFileType = wrapper.application; includeInIndex = 0; path = "lab#4.app"; sourceTree = BUILT_PRODUCTS_DIR; };
		0A27F949174112F000059080 /* Cocoa.framework */ = {isa = PBXFileReference; lastKnownFileType = wrapper.framework; name = Cocoa.framework; path = System/Library/Frameworks/Cocoa.framework; sourceTree = SDKROOT; };
		0A27F94C174112F000059080 /* AppKit.framework */ = {isa = PBXFileReference; lastKnownFileType = wrapper.framework; name = AppKit.framework; path = System/Library/Frameworks/AppKit.framework; sourceTree = SDKROOT; };
		0A27F94D174112F000059080 /* CoreData.framework */ = {isa = PBXFileReference; lastKnownFileType = wrapper.framework; name = CoreData.framework; path = System/Library/Frameworks/CoreData.framework; sourceTree = SDKROOT; };
		0A27F94E174112F000059080 /* Foundation.framework */ = {isa = PBXFileReference; lastKnownFileType = wrapper.framework; name = Foundation.framework; path = System/Library/Frameworks/Foundation.framework; sourceTree = SDKROOT; };
		0A27F951174112F000059080 /* lab#4-Info.plist */ = {isa = PBXFileReference; lastKnownFileType = text.plist.xml; path = "lab#4-Info.plist"; sourceTree = "<group>"; };
		0A27F953174112F000059080 /* en */ = {isa = PBXFileReference; lastKnownFileType = text.plist.strings; name = en; path = en.lproj/InfoPlist.strings; sourceTree = "<group>"; };
		0A27F955174112F000059080 /* main.m */ = {isa = PBXFileReference; lastKnownFileType = sourcecode.c.objc; path = main.m; sourceTree = "<group>"; };
		0A27F957174112F000059080 /* lab#4-Prefix.pch */ = {isa = PBXFileReference; lastKnownFileType = sourcecode.c.h; path = "lab#4-Prefix.pch"; sourceTree = "<group>"; };
		0A27F959174112F000059080 /* en */ = {isa = PBXFileReference; lastKnownFileType = text.rtf; name = en; path = en.lproj/Credits.rtf; sourceTree = "<group>"; };
		0A27F95B174112F100059080 /* AppDelegate.h */ = {isa = PBXFileReference; lastKnownFileType = sourcecode.c.h; path = AppDelegate.h; sourceTree = "<group>"; };
		0A27F95C174112F100059080 /* AppDelegate.m */ = {isa = PBXFileReference; lastKnownFileType = sourcecode.c.objc; path = AppDelegate.m; sourceTree = "<group>"; };
		0A27F95F174112F100059080 /* en */ = {isa = PBXFileReference; lastKnownFileType = file.xib; name = en; path = en.lproj/MainMenu.xib; sourceTree = "<group>"; };
		0A2EE2D51741172F00C43B1C /* mainView.h */ = {isa = PBXFileReference; fileEncoding = 4; lastKnownFileType = sourcecode.c.h; path = mainView.h; sourceTree = "<group>"; };
		0A2EE2D61741172F00C43B1C /* mainView.m */ = {isa = PBXFileReference; fileEncoding = 4; lastKnownFileType = sourcecode.c.objc; path = mainView.m; sourceTree = "<group>"; };
		0A2EE2E817411DCB00C43B1C /* redBall.png */ = {isa = PBXFileReference; lastKnownFileType = image.png; path = redBall.png; sourceTree = "<group>"; };
		0A2EE2E917411DCB00C43B1C /* blueBall.png */ = {isa = PBXFileReference; lastKnownFileType = image.png; path = blueBall.png; sourceTree = "<group>"; };
		0A2EE2EA17411DCB00C43B1C /* greenBall.png */ = {isa = PBXFileReference; lastKnownFileType = image.png; path = greenBall.png; sourceTree = "<group>"; };
		0A2EE2EB17411DCB00C43B1C /* yellowBall.png */ = {isa = PBXFileReference; lastKnownFileType = image.png; path = yellowBall.png; sourceTree = "<group>"; };
		0A2EE2EC17411DCB00C43B1C /* orangeBall.png */ = {isa = PBXFileReference; lastKnownFileType = image.png; path = orangeBall.png; sourceTree = "<group>"; };
/* End PBXFileReference section */

/* Begin PBXFrameworksBuildPhase section */
		0A27F942174112F000059080 /* Frameworks */ = {
			isa = PBXFrameworksBuildPhase;
			buildActionMask = 2147483647;
			files = (
				0A27F94A174112F000059080 /* Cocoa.framework in Frameworks */,
			);
			runOnlyForDeploymentPostprocessing = 0;
		};
/* End PBXFrameworksBuildPhase section */

/* Begin PBXGroup section */
		0A27F93A174112F000059080 = {
			isa = PBXGroup;
			children = (
				0A27F94F174112F000059080 /* lab#4 */,
				0A27F948174112F000059080 /* Frameworks */,
				0A27F946174112F000059080 /* Products */,
			);
			sourceTree = "<group>";
		};
		0A27F946174112F000059080 /* Products */ = {
			isa = PBXGroup;
			children = (
				0A27F945174112F000059080 /* lab#4.app */,
			);
			name = Products;
			sourceTree = "<group>";
		};
		0A27F948174112F000059080 /* Frameworks */ = {
			isa = PBXGroup;
			children = (
				0A27F949174112F000059080 /* Cocoa.framework */,
				0A27F94B174112F000059080 /* Other Frameworks */,
			);
			name = Frameworks;
			sourceTree = "<group>";
		};
		0A27F94B174112F000059080 /* Other Frameworks */ = {
			isa = PBXGroup;
			children = (
				0A27F94C174112F000059080 /* AppKit.framework */,
				0A27F94D174112F000059080 /* CoreData.framework */,
				0A27F94E174112F000059080 /* Foundation.framework */,
			);
			name = "Other Frameworks";
			sourceTree = "<group>";
		};
		0A27F94F174112F000059080 /* lab#4 */ = {
			isa = PBXGroup;
			children = (
				0A27F95B174112F100059080 /* AppDelegate.h */,
				0A27F95C174112F100059080 /* AppDelegate.m */,
				0A2EE2D51741172F00C43B1C /* mainView.h */,
				0A2EE2D61741172F00C43B1C /* mainView.m */,
				0A27F95E174112F100059080 /* MainMenu.xib */,
				0A2EE2F217411DCE00C43B1C /* Assets */,
				0A27F950174112F000059080 /* Supporting Files */,
			);
			path = "lab#4";
			sourceTree = "<group>";
		};
		0A27F950174112F000059080 /* Supporting Files */ = {
			isa = PBXGroup;
			children = (
				0A27F951174112F000059080 /* lab#4-Info.plist */,
				0A27F952174112F000059080 /* InfoPlist.strings */,
				0A27F955174112F000059080 /* main.m */,
				0A27F957174112F000059080 /* lab#4-Prefix.pch */,
				0A27F958174112F000059080 /* Credits.rtf */,
			);
			name = "Supporting Files";
			sourceTree = "<group>";
		};
		0A2EE2F217411DCE00C43B1C /* Assets */ = {
			isa = PBXGroup;
			children = (
				0A2EE2F317411DE400C43B1C /* Balls Images */,
			);
			name = Assets;
			sourceTree = "<group>";
		};
		0A2EE2F317411DE400C43B1C /* Balls Images */ = {
			isa = PBXGroup;
			children = (
				0A2EE2E817411DCB00C43B1C /* redBall.png */,
				0A2EE2E917411DCB00C43B1C /* blueBall.png */,
				0A2EE2EA17411DCB00C43B1C /* greenBall.png */,
				0A2EE2EB17411DCB00C43B1C /* yellowBall.png */,
				0A2EE2EC17411DCB00C43B1C /* orangeBall.png */,
			);
			name = "Balls Images";
			sourceTree = "<group>";
		};
/* End PBXGroup section */

/* Begin PBXNativeTarget section */
		0A27F944174112F000059080 /* lab#4 */ = {
			isa = PBXNativeTarget;
			buildConfigurationList = 0A27F963174112F100059080 /* Build configuration list for PBXNativeTarget "lab#4" */;
			buildPhases = (
				0A27F941174112F000059080 /* Sources */,
				0A27F942174112F000059080 /* Frameworks */,
				0A27F943174112F000059080 /* Resources */,
			);
			buildRules = (
			);
			dependencies = (
			);
			name = "lab#4";
			productName = "lab#4";
			productReference = 0A27F945174112F000059080 /* lab#4.app */;
			productType = "com.apple.product-type.application";
		};
/* End PBXNativeTarget section */

/* Begin PBXProject section */
		0A27F93C174112F000059080 /* Project object */ = {
			isa = PBXProject;
			attributes = {
				LastUpgradeCheck = 0430;
			};
			buildConfigurationList = 0A27F93F174112F000059080 /* Build configuration list for PBXProject "lab#4" */;
			compatibilityVersion = "Xcode 3.2";
			developmentRegion = English;
			hasScannedForEncodings = 0;
			knownRegions = (
				en,
			);
			mainGroup = 0A27F93A174112F000059080;
			productRefGroup = 0A27F946174112F000059080 /* Products */;
			projectDirPath = "";
			projectRoot = "";
			targets = (
				0A27F944174112F000059080 /* lab#4 */,
			);
		};
/* End PBXProject section */

/* Begin PBXResourcesBuildPhase section */
		0A27F943174112F000059080 /* Resources */ = {
			isa = PBXResourcesBuildPhase;
			buildActionMask = 2147483647;
			files = (
				0A27F954174112F000059080 /* InfoPlist.strings in Resources */,
				0A27F95A174112F000059080 /* Credits.rtf in Resources */,
				0A27F960174112F100059080 /* MainMenu.xib in Resources */,
				0A2EE2ED17411DCB00C43B1C /* redBall.png in Resources */,
				0A2EE2EE17411DCB00C43B1C /* blueBall.png in Resources */,
				0A2EE2EF17411DCB00C43B1C /* greenBall.png in Resources */,
				0A2EE2F017411DCB00C43B1C /* yellowBall.png in Resources */,
				0A2EE2F117411DCB00C43B1C /* orangeBall.png in Resources */,
			);
			runOnlyForDeploymentPostprocessing = 0;
		};
/* End PBXResourcesBuildPhase section */

/* Begin PBXSourcesBuildPhase section */
		0A27F941174112F000059080 /* Sources */ = {
			isa = PBXSourcesBuildPhase;
			buildActionMask = 2147483647;
			files = (
				0A27F956174112F000059080 /* main.m in Sources */,
				0A27F95D174112F100059080 /* AppDelegate.m in Sources */,
				0A2EE2D71741173000C43B1C /* mainView.m in Sources */,
			);
			runOnlyForDeploymentPostprocessing = 0;
		};
/* End PBXSourcesBuildPhase section */

/* Begin PBXVariantGroup section */
		0A27F952174112F000059080 /* InfoPlist.strings */ = {
			isa = PBXVariantGroup;
			children = (
				0A27F953174112F000059080 /* en */,
			);
			name = InfoPlist.strings;
			sourceTree = "<group>";
		};
		0A27F958174112F000059080 /* Credits.rtf */ = {
			isa = PBXVariantGroup;
			children = (
				0A27F959174112F000059080 /* en */,
			);
			name = Credits.rtf;
			sourceTree = "<group>";
		};
		0A27F95E174112F100059080 /* MainMenu.xib */ = {
			isa = PBXVariantGroup;
			children = (
				0A27F95F174112F100059080 /* en */,
			);
			name = MainMenu.xib;
			sourceTree = "<group>";
		};
/* End PBXVariantGroup section */

/* Begin XCBuildConfiguration section */
		0A27F961174112F100059080 /* Debug */ = {
			isa = XCBuildConfiguration;
			buildSettings = {
				ALWAYS_SEARCH_USER_PATHS = NO;
				ARCHS = "$(ARCHS_STANDARD_64_BIT)";
				CLANG_ENABLE_OBJC_ARC = YES;
				COPY_PHASE_STRIP = NO;
				GCC_C_LANGUAGE_STANDARD = gnu99;
				GCC_DYNAMIC_NO_PIC = NO;
				GCC_ENABLE_OBJC_EXCEPTIONS = YES;
				GCC_OPTIMIZATION_LEVEL = 0;
				GCC_PREPROCESSOR_DEFINITIONS = (
					"DEBUG=1",
					"$(inherited)",
				);
				GCC_SYMBOLS_PRIVATE_EXTERN = NO;
				GCC_VERSION = com.apple.compilers.llvm.clang.1_0;
				GCC_WARN_64_TO_32_BIT_CONVERSION = YES;
				GCC_WARN_ABOUT_RETURN_TYPE = YES;
				GCC_WARN_UNINITIALIZED_AUTOS = YES;
				GCC_WARN_UNUSED_VARIABLE = YES;
				MACOSX_DEPLOYMENT_TARGET = 10.7;
				ONLY_ACTIVE_ARCH = YES;
				SDKROOT = macosx;
			};
			name = Debug;
		};
		0A27F962174112F100059080 /* Release */ = {
			isa = XCBuildConfiguration;
			buildSettings = {
				ALWAYS_SEARCH_USER_PATHS = NO;
				ARCHS = "$(ARCHS_STANDARD_64_BIT)";
				CLANG_ENABLE_OBJC_ARC = YES;
				COPY_PHASE_STRIP = YES;
				DEBUG_INFORMATION_FORMAT = "dwarf-with-dsym";
				GCC_C_LANGUAGE_STANDARD = gnu99;
				GCC_ENABLE_OBJC_EXCEPTIONS = YES;
				GCC_VERSION = com.apple.compilers.llvm.clang.1_0;
				GCC_WARN_64_TO_32_BIT_CONVERSION = YES;
				GCC_WARN_ABOUT_RETURN_TYPE = YES;
				GCC_WARN_UNINITIALIZED_AUTOS = YES;
				GCC_WARN_UNUSED_VARIABLE = YES;
				MACOSX_DEPLOYMENT_TARGET = 10.7;
				SDKROOT = macosx;
			};
			name = Release;
		};
		0A27F964174112F100059080 /* Debug */ = {
			isa = XCBuildConfiguration;
			buildSettings = {
				GCC_PRECOMPILE_PREFIX_HEADER = YES;
				GCC_PREFIX_HEADER = "lab#4/lab#4-Prefix.pch";
				INFOPLIST_FILE = "lab#4/lab#4-Info.plist";
				PRODUCT_NAME = "$(TARGET_NAME)";
				WRAPPER_EXTENSION = app;
			};
			name = Debug;
		};
		0A27F965174112F100059080 /* Release */ = {
			isa = XCBuildConfiguration;
			buildSettings = {
				GCC_PRECOMPILE_PREFIX_HEADER = YES;
				GCC_PREFIX_HEADER = "lab#4/lab#4-Prefix.pch";
				INFOPLIST_FILE = "lab#4/lab#4-Info.plist";
				PRODUCT_NAME = "$(TARGET_NAME)";
				WRAPPER_EXTENSION = app;
			};
			name = Release;
		};
/* End XCBuildConfiguration section */

/* Begin XCConfigurationList section */
		0A27F93F174112F000059080 /* Build configuration list for PBXProject "lab#4" */ = {
			isa = XCConfigurationList;
			buildConfigurations = (
				0A27F961174112F100059080 /* Debug */,
				0A27F962174112F100059080 /* Release */,
			);
			defaultConfigurationIsVisible = 0;
			defaultConfigurationName = Release;
		};
		0A27F963174112F100059080 /* Build configuration list for PBXNativeTarget "lab#4" */ = {
			isa = XCConfigurationList;
			buildConfigurations = (
				0A27F964174112F100059080 /* Debug */,
				0A27F965174112F100059080 /* Release */,
			);
			defaultConfigurationIsVisible = 0;
			defaultConfigurationName = Release;
		};
/* End XCConfigurationList section */
	};
	rootObject = 0A27F93C174112F000059080 /* Project object */;
}
